
Microsoft Visual Studio Solution File, Format Version 12.00
# Visual Studio Version 16
VisualStudioVersion = 16.0.30413.136
MinimumVisualStudioVersion = 10.0.40219.1
Project("{FAE04EC0-301F-11D3-BF4B-00C04F79EFBC}") = "Entidades", "Entidades\Entidades.csproj", "{AB5E3BC2-A71C-469A-8BD2-B1263369B503}"
EndProject
Project("{FAE04EC0-301F-11D3-BF4B-00C04F79EFBC}") = "MiCalculadora", "MiCalculadora\MiCalculadora.csproj", "{30F5BC73-2659-416F-BDB6-4A542CF9DA1D}"
EndProject
Global
	GlobalSection(SolutionConfigurationPlatforms) = preSolution
		Debug|Any CPU = Debug|Any CPU
		Release|Any CPU = Release|Any CPU
	EndGlobalSection
	GlobalSection(ProjectConfigurationPlatforms) = postSolution
		{AB5E3BC2-A71C-469A-8BD2-B1263369B503}.Debug|Any CPU.ActiveCfg = Debug|Any CPU
		{AB5E3BC2-A71C-469A-8BD2-B1263369B503}.Debug|Any CPU.Build.0 = Debug|Any CPU
		{AB5E3BC2-A71C-469A-8BD2-B1263369B503}.Release|Any CPU.ActiveCfg = Release|Any CPU
		{AB5E3BC2-A71C-469A-8BD2-B1263369B503}.Release|Any CPU.Build.0 = Release|Any CPU
		{30F5BC73-2659-416F-BDB6-4A542CF9DA1D}.Debug|Any CPU.ActiveCfg = Debug|Any CPU
		{30F5BC73-2659-416F-BDB6-4A542CF9DA1D}.Debug|Any CPU.Build.0 = Debug|Any CPU
		{30F5BC73-2659-416F-BDB6-4A542CF9DA1D}.Release|Any CPU.ActiveCfg = Release|Any CPU
		{30F5BC73-2659-416F-BDB6-4A542CF9DA1D}.Release|Any CPU.Build.0 = Release|Any CPU
	EndGlobalSection
	GlobalSection(SolutionProperties) = preSolution
		HideSolutionNode = FALSE
	EndGlobalSection
	GlobalSection(ExtensibilityGlobals) = postSolution
		SolutionGuid = {6CFF6A11-65F4-4759-8801-B4115C588CE4}
	EndGlobalSection
EndGlobal
